
Microsoft Visual Studio Solution File, Format Version 12.00
# Visual Studio 14
VisualStudioVersion = 14.0.25123.0
MinimumVisualStudioVersion = 10.0.40219.1
Project("{FAE04EC0-301F-11D3-BF4B-00C04F79EFBC}") = "FlowsheetEditor", "FlowsheetEditorControl\FlowsheetEditor.csproj", "{A309401E-DFC0-4D48-A307-2F8BC4C7ABC9}"
EndProject
Project("{FAE04EC0-301F-11D3-BF4B-00C04F79EFBC}") = "FlowsheetEditor.bootstrapper", "FlowsheetEditor.bootstrapper\FlowsheetEditor.bootstrapper.csproj", "{62FAE37E-66B7-4B86-962B-5F26162CD578}"
EndProject
Global
	GlobalSection(SolutionConfigurationPlatforms) = preSolution
		Debug|Any CPU = Debug|Any CPU
		Release|Any CPU = Release|Any CPU
	EndGlobalSection
	GlobalSection(ProjectConfigurationPlatforms) = postSolution
		{A309401E-DFC0-4D48-A307-2F8BC4C7ABC9}.Debug|Any CPU.ActiveCfg = Debug|Any CPU
		{A309401E-DFC0-4D48-A307-2F8BC4C7ABC9}.Debug|Any CPU.Build.0 = Debug|Any CPU
		{A309401E-DFC0-4D48-A307-2F8BC4C7ABC9}.Release|Any CPU.ActiveCfg = Release|Any CPU
		{A309401E-DFC0-4D48-A307-2F8BC4C7ABC9}.Release|Any CPU.Build.0 = Release|Any CPU
		{62FAE37E-66B7-4B86-962B-5F26162CD578}.Debug|Any CPU.ActiveCfg = Debug|Any CPU
		{62FAE37E-66B7-4B86-962B-5F26162CD578}.Debug|Any CPU.Build.0 = Debug|Any CPU
		{62FAE37E-66B7-4B86-962B-5F26162CD578}.Release|Any CPU.ActiveCfg = Release|Any CPU
		{62FAE37E-66B7-4B86-962B-5F26162CD578}.Release|Any CPU.Build.0 = Release|Any CPU
	EndGlobalSection
	GlobalSection(SolutionProperties) = preSolution
		HideSolutionNode = FALSE
	EndGlobalSection
EndGlobal
