
Microsoft Visual Studio Solution File, Format Version 12.00
# Visual Studio 14
VisualStudioVersion = 14.0.25123.0
MinimumVisualStudioVersion = 10.0.40219.1
Project("{FAE04EC0-301F-11D3-BF4B-00C04F79EFBC}") = "PythonScriptEditor", "PythonScriptEditor\PythonScriptEditor.csproj", "{38EB5D86-C5B9-4EC9-9368-7A85BCADB9A4}"
EndProject
Project("{FAE04EC0-301F-11D3-BF4B-00C04F79EFBC}") = "pythonscripteditor.bootstrapper", "pythonscripteditor.bootstrapper\pythonscripteditor.bootstrapper.csproj", "{3F406DCD-E2E2-41F5-8987-90DC4098C628}"
EndProject
Global
	GlobalSection(SolutionConfigurationPlatforms) = preSolution
		Debug|Any CPU = Debug|Any CPU
		Release|Any CPU = Release|Any CPU
	EndGlobalSection
	GlobalSection(ProjectConfigurationPlatforms) = postSolution
		{38EB5D86-C5B9-4EC9-9368-7A85BCADB9A4}.Debug|Any CPU.ActiveCfg = Debug|Any CPU
		{38EB5D86-C5B9-4EC9-9368-7A85BCADB9A4}.Debug|Any CPU.Build.0 = Debug|Any CPU
		{38EB5D86-C5B9-4EC9-9368-7A85BCADB9A4}.Release|Any CPU.ActiveCfg = Release|Any CPU
		{38EB5D86-C5B9-4EC9-9368-7A85BCADB9A4}.Release|Any CPU.Build.0 = Release|Any CPU
		{3F406DCD-E2E2-41F5-8987-90DC4098C628}.Debug|Any CPU.ActiveCfg = Debug|Any CPU
		{3F406DCD-E2E2-41F5-8987-90DC4098C628}.Debug|Any CPU.Build.0 = Debug|Any CPU
		{3F406DCD-E2E2-41F5-8987-90DC4098C628}.Release|Any CPU.ActiveCfg = Release|Any CPU
		{3F406DCD-E2E2-41F5-8987-90DC4098C628}.Release|Any CPU.Build.0 = Release|Any CPU
	EndGlobalSection
	GlobalSection(SolutionProperties) = preSolution
		HideSolutionNode = FALSE
	EndGlobalSection
EndGlobal
