
Microsoft Visual Studio Solution File, Format Version 12.00
# Visual Studio 14
VisualStudioVersion = 14.0.25123.0
MinimumVisualStudioVersion = 10.0.40219.1
Project("{FAE04EC0-301F-11D3-BF4B-00C04F79EFBC}") = "EntityManagerControl", "EntityManagerControl\EntityManagerControl.csproj", "{FD42B53C-FD9F-402F-A3DB-6F27BD51919B}"
EndProject
Project("{FAE04EC0-301F-11D3-BF4B-00C04F79EFBC}") = "entitymanagercontrol.bootstrapper", "entitymanagercontrol.bootstrapper\entitymanagercontrol.bootstrapper.csproj", "{6B344B4D-C731-49EB-85FD-764A982E2D97}"
EndProject
Global
	GlobalSection(SolutionConfigurationPlatforms) = preSolution
		Debug|Any CPU = Debug|Any CPU
		Release|Any CPU = Release|Any CPU
	EndGlobalSection
	GlobalSection(ProjectConfigurationPlatforms) = postSolution
		{FD42B53C-FD9F-402F-A3DB-6F27BD51919B}.Debug|Any CPU.ActiveCfg = Debug|Any CPU
		{FD42B53C-FD9F-402F-A3DB-6F27BD51919B}.Debug|Any CPU.Build.0 = Debug|Any CPU
		{FD42B53C-FD9F-402F-A3DB-6F27BD51919B}.Release|Any CPU.ActiveCfg = Release|Any CPU
		{FD42B53C-FD9F-402F-A3DB-6F27BD51919B}.Release|Any CPU.Build.0 = Release|Any CPU
		{6B344B4D-C731-49EB-85FD-764A982E2D97}.Debug|Any CPU.ActiveCfg = Debug|Any CPU
		{6B344B4D-C731-49EB-85FD-764A982E2D97}.Debug|Any CPU.Build.0 = Debug|Any CPU
		{6B344B4D-C731-49EB-85FD-764A982E2D97}.Release|Any CPU.ActiveCfg = Release|Any CPU
		{6B344B4D-C731-49EB-85FD-764A982E2D97}.Release|Any CPU.Build.0 = Release|Any CPU
	EndGlobalSection
	GlobalSection(SolutionProperties) = preSolution
		HideSolutionNode = FALSE
	EndGlobalSection
EndGlobal
